
Microsoft Visual Studio Solution File, Format Version 12.00
# Visual Studio Version 16
VisualStudioVersion = 16.0.30225.117
MinimumVisualStudioVersion = 10.0.40219.1
Project("{9A19103F-16F7-4668-BE54-9A1E7A4F7556}") = "Core", "Core\Core.csproj", "{82E15075-E5D4-4672-9CF3-3B23B8469F9A}"
EndProject
Project("{9A19103F-16F7-4668-BE54-9A1E7A4F7556}") = "Infrastructure", "Infrastructure\Infrastructure.csproj", "{4FF788AC-CA3F-4A8B-A700-0ABBD8E1688C}"
EndProject
Project("{9A19103F-16F7-4668-BE54-9A1E7A4F7556}") = "Web", "Web\Web.csproj", "{FA292675-CED4-4101-A849-5E81E5CB0549}"
EndProject
Global
	GlobalSection(SolutionConfigurationPlatforms) = preSolution
		Debug|Any CPU = Debug|Any CPU
		Release|Any CPU = Release|Any CPU
	EndGlobalSection
	GlobalSection(ProjectConfigurationPlatforms) = postSolution
		{82E15075-E5D4-4672-9CF3-3B23B8469F9A}.Debug|Any CPU.ActiveCfg = Debug|Any CPU
		{82E15075-E5D4-4672-9CF3-3B23B8469F9A}.Debug|Any CPU.Build.0 = Debug|Any CPU
		{82E15075-E5D4-4672-9CF3-3B23B8469F9A}.Release|Any CPU.ActiveCfg = Release|Any CPU
		{82E15075-E5D4-4672-9CF3-3B23B8469F9A}.Release|Any CPU.Build.0 = Release|Any CPU
		{4FF788AC-CA3F-4A8B-A700-0ABBD8E1688C}.Debug|Any CPU.ActiveCfg = Debug|Any CPU
		{4FF788AC-CA3F-4A8B-A700-0ABBD8E1688C}.Debug|Any CPU.Build.0 = Debug|Any CPU
		{4FF788AC-CA3F-4A8B-A700-0ABBD8E1688C}.Release|Any CPU.ActiveCfg = Release|Any CPU
		{4FF788AC-CA3F-4A8B-A700-0ABBD8E1688C}.Release|Any CPU.Build.0 = Release|Any CPU
		{FA292675-CED4-4101-A849-5E81E5CB0549}.Debug|Any CPU.ActiveCfg = Debug|Any CPU
		{FA292675-CED4-4101-A849-5E81E5CB0549}.Debug|Any CPU.Build.0 = Debug|Any CPU
		{FA292675-CED4-4101-A849-5E81E5CB0549}.Release|Any CPU.ActiveCfg = Release|Any CPU
		{FA292675-CED4-4101-A849-5E81E5CB0549}.Release|Any CPU.Build.0 = Release|Any CPU
	EndGlobalSection
	GlobalSection(SolutionProperties) = preSolution
		HideSolutionNode = FALSE
	EndGlobalSection
	GlobalSection(ExtensibilityGlobals) = postSolution
		SolutionGuid = {B99AA800-2A6E-4CCF-BC74-5D3F5DF7101A}
	EndGlobalSection
EndGlobal
